// !$*UTF8*$!
{
	archiveVersion = 1;
	classes = {
	};
	objectVersion = 46;
	objects = {

/* Begin PBXBuildFile section */
		544A92861D0C307A00B96A0C /* main.m in Sources */ = {isa = PBXBuildFile; fileRef = 544A92851D0C307A00B96A0C /* main.m */; };
		544A92891D0C307A00B96A0C /* AppDelegate.m in Sources */ = {isa = PBXBuildFile; fileRef = 544A92881D0C307A00B96A0C /* AppDelegate.m */; };
		544A928C1D0C307A00B96A0C /* ViewController.m in Sources */ = {isa = PBXBuildFile; fileRef = 544A928B1D0C307A00B96A0C /* ViewController.m */; };
		544A928F1D0C307A00B96A0C /* Main.storyboard in Resources */ = {isa = PBXBuildFile; fileRef = 544A928D1D0C307A00B96A0C /* Main.storyboard */; };
		544A92911D0C307A00B96A0C /* Assets.xcassets in Resources */ = {isa = PBXBuildFile; fileRef = 544A92901D0C307A00B96A0C /* Assets.xcassets */; };
		544A92941D0C307A00B96A0C /* LaunchScreen.storyboard in Resources */ = {isa = PBXBuildFile; fileRef = 544A92921D0C307A00B96A0C /* LaunchScreen.storyboard */; };
		544A929F1D0C307A00B96A0C /* LATNetWorkingDemoTests.m in Sources */ = {isa = PBXBuildFile; fileRef = 544A929E1D0C307A00B96A0C /* LATNetWorkingDemoTests.m */; };
		544A92AA1D0C307A00B96A0C /* LATNetWorkingDemoUITests.m in Sources */ = {isa = PBXBuildFile; fileRef = 544A92A91D0C307A00B96A0C /* LATNetWorkingDemoUITests.m */; };
		544A92FC1D0C30C000B96A0C /* LATFileManager.m in Sources */ = {isa = PBXBuildFile; fileRef = 544A92BB1D0C30C000B96A0C /* LATFileManager.m */; };
		544A92FD1D0C30C000B96A0C /* LATNetAFNRequestManager.m in Sources */ = {isa = PBXBuildFile; fileRef = 544A92BF1D0C30C000B96A0C /* LATNetAFNRequestManager.m */; };
		544A92FE1D0C30C000B96A0C /* LATNetReachability.m in Sources */ = {isa = PBXBuildFile; fileRef = 544A92C11D0C30C000B96A0C /* LATNetReachability.m */; };
		544A92FF1D0C30C000B96A0C /* LATNetRequestAction.m in Sources */ = {isa = PBXBuildFile; fileRef = 544A92C31D0C30C000B96A0C /* LATNetRequestAction.m */; };
		544A93001D0C30C000B96A0C /* LATNetResponseCache.m in Sources */ = {isa = PBXBuildFile; fileRef = 544A92C51D0C30C000B96A0C /* LATNetResponseCache.m */; };
		544A93011D0C30C000B96A0C /* NSObject+LATNetMJExtensionCategory.m in Sources */ = {isa = PBXBuildFile; fileRef = 544A92C81D0C30C000B96A0C /* NSObject+LATNetMJExtensionCategory.m */; };
		544A93031D0C30C000B96A0C /* NSObject+LATStringPropertyCategory.m in Sources */ = {isa = PBXBuildFile; fileRef = 544A92CC1D0C30C000B96A0C /* NSObject+LATStringPropertyCategory.m */; };
		544A93041D0C30C000B96A0C /* LATNetError.m in Sources */ = {isa = PBXBuildFile; fileRef = 544A92CF1D0C30C000B96A0C /* LATNetError.m */; };
		544A93061D0C30C000B96A0C /* LATNetUploadFileData.m in Sources */ = {isa = PBXBuildFile; fileRef = 544A92D31D0C30C000B96A0C /* LATNetUploadFileData.m */; };
		544A93071D0C30C000B96A0C /* AFHTTPSessionManager.m in Sources */ = {isa = PBXBuildFile; fileRef = 544A92D71D0C30C000B96A0C /* AFHTTPSessionManager.m */; };
		544A93081D0C30C000B96A0C /* AFNetworkReachabilityManager.m in Sources */ = {isa = PBXBuildFile; fileRef = 544A92DA1D0C30C000B96A0C /* AFNetworkReachabilityManager.m */; };
		544A93091D0C30C000B96A0C /* AFSecurityPolicy.m in Sources */ = {isa = PBXBuildFile; fileRef = 544A92DC1D0C30C000B96A0C /* AFSecurityPolicy.m */; };
		544A930A1D0C30C000B96A0C /* AFURLRequestSerialization.m in Sources */ = {isa = PBXBuildFile; fileRef = 544A92DE1D0C30C000B96A0C /* AFURLRequestSerialization.m */; };
		544A930B1D0C30C000B96A0C /* AFURLResponseSerialization.m in Sources */ = {isa = PBXBuildFile; fileRef = 544A92E01D0C30C000B96A0C /* AFURLResponseSerialization.m */; };
		544A930C1D0C30C000B96A0C /* AFURLSessionManager.m in Sources */ = {isa = PBXBuildFile; fileRef = 544A92E21D0C30C000B96A0C /* AFURLSessionManager.m */; };
		544A930D1D0C30C000B96A0C /* MJExtensionConst.m in Sources */ = {isa = PBXBuildFile; fileRef = 544A92E61D0C30C000B96A0C /* MJExtensionConst.m */; };
		544A930E1D0C30C000B96A0C /* MJFoundation.m in Sources */ = {isa = PBXBuildFile; fileRef = 544A92E81D0C30C000B96A0C /* MJFoundation.m */; };
		544A930F1D0C30C000B96A0C /* MJProperty.m in Sources */ = {isa = PBXBuildFile; fileRef = 544A92EA1D0C30C000B96A0C /* MJProperty.m */; };
		544A93101D0C30C000B96A0C /* MJPropertyKey.m in Sources */ = {isa = PBXBuildFile; fileRef = 544A92EC1D0C30C000B96A0C /* MJPropertyKey.m */; };
		544A93111D0C30C000B96A0C /* MJPropertyType.m in Sources */ = {isa = PBXBuildFile; fileRef = 544A92EE1D0C30C000B96A0C /* MJPropertyType.m */; };
		544A93121D0C30C000B96A0C /* NSObject+MJClass.m in Sources */ = {isa = PBXBuildFile; fileRef = 544A92F01D0C30C000B96A0C /* NSObject+MJClass.m */; };
		544A93131D0C30C000B96A0C /* NSObject+MJCoding.m in Sources */ = {isa = PBXBuildFile; fileRef = 544A92F21D0C30C000B96A0C /* NSObject+MJCoding.m */; };
		544A93141D0C30C000B96A0C /* NSObject+MJKeyValue.m in Sources */ = {isa = PBXBuildFile; fileRef = 544A92F41D0C30C000B96A0C /* NSObject+MJKeyValue.m */; };
		544A93151D0C30C000B96A0C /* NSObject+MJProperty.m in Sources */ = {isa = PBXBuildFile; fileRef = 544A92F61D0C30C000B96A0C /* NSObject+MJProperty.m */; };
		544A93161D0C30C000B96A0C /* NSString+MJExtension.m in Sources */ = {isa = PBXBuildFile; fileRef = 544A92F81D0C30C000B96A0C /* NSString+MJExtension.m */; };
		544A93171D0C30C000B96A0C /* Reachability.m in Sources */ = {isa = PBXBuildFile; fileRef = 544A92FB1D0C30C000B96A0C /* Reachability.m */; };
		54AA55131D0C42F400A8E867 /* UIApplication+LATNetCategory.m in Sources */ = {isa = PBXBuildFile; fileRef = 54AA55121D0C42F400A8E867 /* UIApplication+LATNetCategory.m */; };
		54AA55731D0C674900A8E867 /* DaXiangDetailRequestBLL.m in Sources */ = {isa = PBXBuildFile; fileRef = 54AA55681D0C674900A8E867 /* DaXiangDetailRequestBLL.m */; };
		54AA55741D0C674900A8E867 /* DaXiangDetailRequestEnitity.m in Sources */ = {isa = PBXBuildFile; fileRef = 54AA556A1D0C674900A8E867 /* DaXiangDetailRequestEnitity.m */; };
		54AA55751D0C674900A8E867 /* DaXiangDetailResponseArticleModel.m in Sources */ = {isa = PBXBuildFile; fileRef = 54AA556C1D0C674900A8E867 /* DaXiangDetailResponseArticleModel.m */; };
		54AA55761D0C674900A8E867 /* DaXiangDetailResponseBodyModel.m in Sources */ = {isa = PBXBuildFile; fileRef = 54AA556E1D0C674900A8E867 /* DaXiangDetailResponseBodyModel.m */; };
		54AA55771D0C674900A8E867 /* DaXiangDetailResponseEnitity.m in Sources */ = {isa = PBXBuildFile; fileRef = 54AA55701D0C674900A8E867 /* DaXiangDetailResponseEnitity.m */; };
		54AA55781D0C674900A8E867 /* DaXiangDetailResponseHeadModel.m in Sources */ = {isa = PBXBuildFile; fileRef = 54AA55721D0C674900A8E867 /* DaXiangDetailResponseHeadModel.m */; };
		54C1E35B1D0CF455006F0B59 /* NSObject+LATNetRequestEnitityCatagory.m in Sources */ = {isa = PBXBuildFile; fileRef = 54C1E35A1D0CF455006F0B59 /* NSObject+LATNetRequestEnitityCatagory.m */; };
/* End PBXBuildFile section */

/* Begin PBXContainerItemProxy section */
		544A929B1D0C307A00B96A0C /* PBXContainerItemProxy */ = {
			isa = PBXContainerItemProxy;
			containerPortal = 544A92791D0C307A00B96A0C /* Project object */;
			proxyType = 1;
			remoteGlobalIDString = 544A92801D0C307A00B96A0C;
			remoteInfo = LATNetWorkingDemo;
		};
		544A92A61D0C307A00B96A0C /* PBXContainerItemProxy */ = {
			isa = PBXContainerItemProxy;
			containerPortal = 544A92791D0C307A00B96A0C /* Project object */;
			proxyType = 1;
			remoteGlobalIDString = 544A92801D0C307A00B96A0C;
			remoteInfo = LATNetWorkingDemo;
		};
/* End PBXContainerItemProxy section */

/* Begin PBXFileReference section */
		544A92811D0C307A00B96A0C /* LATNetWorkingDemo.app */ = {isa = PBXFileReference; explicitFileType = wrapper.application; includeInIndex = 0; path = LATNetWorkingDemo.app; sourceTree = BUILT_PRODUCTS_DIR; };
		544A92851D0C307A00B96A0C /* main.m */ = {isa = PBXFileReference; lastKnownFileType = sourcecode.c.objc; path = main.m; sourceTree = "<group>"; };
		544A92871D0C307A00B96A0C /* AppDelegate.h */ = {isa = PBXFileReference; lastKnownFileType = sourcecode.c.h; path = AppDelegate.h; sourceTree = "<group>"; };
		544A92881D0C307A00B96A0C /* AppDelegate.m */ = {isa = PBXFileReference; lastKnownFileType = sourcecode.c.objc; path = AppDelegate.m; sourceTree = "<group>"; };
		544A928A1D0C307A00B96A0C /* ViewController.h */ = {isa = PBXFileReference; lastKnownFileType = sourcecode.c.h; path = ViewController.h; sourceTree = "<group>"; };
		544A928B1D0C307A00B96A0C /* ViewController.m */ = {isa = PBXFileReference; lastKnownFileType = sourcecode.c.objc; path = ViewController.m; sourceTree = "<group>"; };
		544A928E1D0C307A00B96A0C /* Base */ = {isa = PBXFileReference; lastKnownFileType = file.storyboard; name = Base; path = Base.lproj/Main.storyboard; sourceTree = "<group>"; };
		544A92901D0C307A00B96A0C /* Assets.xcassets */ = {isa = PBXFileReference; lastKnownFileType = folder.assetcatalog; path = Assets.xcassets; sourceTree = "<group>"; };
		544A92931D0C307A00B96A0C /* Base */ = {isa = PBXFileReference; lastKnownFileType = file.storyboard; name = Base; path = Base.lproj/LaunchScreen.storyboard; sourceTree = "<group>"; };
		544A92951D0C307A00B96A0C /* Info.plist */ = {isa = PBXFileReference; lastKnownFileType = text.plist.xml; path = Info.plist; sourceTree = "<group>"; };
		544A929A1D0C307A00B96A0C /* LATNetWorkingDemoTests.xctest */ = {isa = PBXFileReference; explicitFileType = wrapper.cfbundle; includeInIndex = 0; path = LATNetWorkingDemoTests.xctest; sourceTree = BUILT_PRODUCTS_DIR; };
		544A929E1D0C307A00B96A0C /* LATNetWorkingDemoTests.m */ = {isa = PBXFileReference; lastKnownFileType = sourcecode.c.objc; path = LATNetWorkingDemoTests.m; sourceTree = "<group>"; };
		544A92A01D0C307A00B96A0C /* Info.plist */ = {isa = PBXFileReference; lastKnownFileType = text.plist.xml; path = Info.plist; sourceTree = "<group>"; };
		544A92A51D0C307A00B96A0C /* LATNetWorkingDemoUITests.xctest */ = {isa = PBXFileReference; explicitFileType = wrapper.cfbundle; includeInIndex = 0; path = LATNetWorkingDemoUITests.xctest; sourceTree = BUILT_PRODUCTS_DIR; };
		544A92A91D0C307A00B96A0C /* LATNetWorkingDemoUITests.m */ = {isa = PBXFileReference; lastKnownFileType = sourcecode.c.objc; path = LATNetWorkingDemoUITests.m; sourceTree = "<group>"; };
		544A92AB1D0C307A00B96A0C /* Info.plist */ = {isa = PBXFileReference; lastKnownFileType = text.plist.xml; path = Info.plist; sourceTree = "<group>"; };
		544A92B81D0C30C000B96A0C /* LATNetWorking.h */ = {isa = PBXFileReference; fileEncoding = 4; lastKnownFileType = sourcecode.c.h; path = LATNetWorking.h; sourceTree = "<group>"; };
		544A92BA1D0C30C000B96A0C /* LATFileManager.h */ = {isa = PBXFileReference; fileEncoding = 4; lastKnownFileType = sourcecode.c.h; path = LATFileManager.h; sourceTree = "<group>"; };
		544A92BB1D0C30C000B96A0C /* LATFileManager.m */ = {isa = PBXFileReference; fileEncoding = 4; lastKnownFileType = sourcecode.c.objc; path = LATFileManager.m; sourceTree = "<group>"; };
		544A92BE1D0C30C000B96A0C /* LATNetAFNRequestManager.h */ = {isa = PBXFileReference; fileEncoding = 4; lastKnownFileType = sourcecode.c.h; path = LATNetAFNRequestManager.h; sourceTree = "<group>"; };
		544A92BF1D0C30C000B96A0C /* LATNetAFNRequestManager.m */ = {isa = PBXFileReference; fileEncoding = 4; lastKnownFileType = sourcecode.c.objc; path = LATNetAFNRequestManager.m; sourceTree = "<group>"; };
		544A92C01D0C30C000B96A0C /* LATNetReachability.h */ = {isa = PBXFileReference; fileEncoding = 4; lastKnownFileType = sourcecode.c.h; path = LATNetReachability.h; sourceTree = "<group>"; };
		544A92C11D0C30C000B96A0C /* LATNetReachability.m */ = {isa = PBXFileReference; fileEncoding = 4; lastKnownFileType = sourcecode.c.objc; path = LATNetReachability.m; sourceTree = "<group>"; };
		544A92C21D0C30C000B96A0C /* LATNetRequestAction.h */ = {isa = PBXFileReference; fileEncoding = 4; lastKnownFileType = sourcecode.c.h; path = LATNetRequestAction.h; sourceTree = "<group>"; };
		544A92C31D0C30C000B96A0C /* LATNetRequestAction.m */ = {isa = PBXFileReference; fileEncoding = 4; lastKnownFileType = sourcecode.c.objc; path = LATNetRequestAction.m; sourceTree = "<group>"; };
		544A92C41D0C30C000B96A0C /* LATNetResponseCache.h */ = {isa = PBXFileReference; fileEncoding = 4; lastKnownFileType = sourcecode.c.h; path = LATNetResponseCache.h; sourceTree = "<group>"; };
		544A92C51D0C30C000B96A0C /* LATNetResponseCache.m */ = {isa = PBXFileReference; fileEncoding = 4; lastKnownFileType = sourcecode.c.objc; path = LATNetResponseCache.m; sourceTree = "<group>"; };
		544A92C71D0C30C000B96A0C /* NSObject+LATNetMJExtensionCategory.h */ = {isa = PBXFileReference; fileEncoding = 4; lastKnownFileType = sourcecode.c.h; path = "NSObject+LATNetMJExtensionCategory.h"; sourceTree = "<group>"; };
		544A92C81D0C30C000B96A0C /* NSObject+LATNetMJExtensionCategory.m */ = {isa = PBXFileReference; fileEncoding = 4; lastKnownFileType = sourcecode.c.objc; path = "NSObject+LATNetMJExtensionCategory.m"; sourceTree = "<group>"; };
		544A92CB1D0C30C000B96A0C /* NSObject+LATStringPropertyCategory.h */ = {isa = PBXFileReference; fileEncoding = 4; lastKnownFileType = sourcecode.c.h; path = "NSObject+LATStringPropertyCategory.h"; sourceTree = "<group>"; };
		544A92CC1D0C30C000B96A0C /* NSObject+LATStringPropertyCategory.m */ = {isa = PBXFileReference; fileEncoding = 4; lastKnownFileType = sourcecode.c.objc; path = "NSObject+LATStringPropertyCategory.m"; sourceTree = "<group>"; };
		544A92CE1D0C30C000B96A0C /* LATNetError.h */ = {isa = PBXFileReference; fileEncoding = 4; lastKnownFileType = sourcecode.c.h; path = LATNetError.h; sourceTree = "<group>"; };
		544A92CF1D0C30C000B96A0C /* LATNetError.m */ = {isa = PBXFileReference; fileEncoding = 4; lastKnownFileType = sourcecode.c.objc; path = LATNetError.m; sourceTree = "<group>"; };
		544A92D21D0C30C000B96A0C /* LATNetUploadFileData.h */ = {isa = PBXFileReference; fileEncoding = 4; lastKnownFileType = sourcecode.c.h; path = LATNetUploadFileData.h; sourceTree = "<group>"; };
		544A92D31D0C30C000B96A0C /* LATNetUploadFileData.m */ = {isa = PBXFileReference; fileEncoding = 4; lastKnownFileType = sourcecode.c.objc; path = LATNetUploadFileData.m; sourceTree = "<group>"; };
		544A92D61D0C30C000B96A0C /* AFHTTPSessionManager.h */ = {isa = PBXFileReference; fileEncoding = 4; lastKnownFileType = sourcecode.c.h; path = AFHTTPSessionManager.h; sourceTree = "<group>"; };
		544A92D71D0C30C000B96A0C /* AFHTTPSessionManager.m */ = {isa = PBXFileReference; fileEncoding = 4; lastKnownFileType = sourcecode.c.objc; path = AFHTTPSessionManager.m; sourceTree = "<group>"; };
		544A92D81D0C30C000B96A0C /* AFNetworking.h */ = {isa = PBXFileReference; fileEncoding = 4; lastKnownFileType = sourcecode.c.h; path = AFNetworking.h; sourceTree = "<group>"; };
		544A92D91D0C30C000B96A0C /* AFNetworkReachabilityManager.h */ = {isa = PBXFileReference; fileEncoding = 4; lastKnownFileType = sourcecode.c.h; path = AFNetworkReachabilityManager.h; sourceTree = "<group>"; };
		544A92DA1D0C30C000B96A0C /* AFNetworkReachabilityManager.m */ = {isa = PBXFileReference; fileEncoding = 4; lastKnownFileType = sourcecode.c.objc; path = AFNetworkReachabilityManager.m; sourceTree = "<group>"; };
		544A92DB1D0C30C000B96A0C /* AFSecurityPolicy.h */ = {isa = PBXFileReference; fileEncoding = 4; lastKnownFileType = sourcecode.c.h; path = AFSecurityPolicy.h; sourceTree = "<group>"; };
		544A92DC1D0C30C000B96A0C /* AFSecurityPolicy.m */ = {isa = PBXFileReference; fileEncoding = 4; lastKnownFileType = sourcecode.c.objc; path = AFSecurityPolicy.m; sourceTree = "<group>"; };
		544A92DD1D0C30C000B96A0C /* AFURLRequestSerialization.h */ = {isa = PBXFileReference; fileEncoding = 4; lastKnownFileType = sourcecode.c.h; path = AFURLRequestSerialization.h; sourceTree = "<group>"; };
		544A92DE1D0C30C000B96A0C /* AFURLRequestSerialization.m */ = {isa = PBXFileReference; fileEncoding = 4; lastKnownFileType = sourcecode.c.objc; path = AFURLRequestSerialization.m; sourceTree = "<group>"; };
		544A92DF1D0C30C000B96A0C /* AFURLResponseSerialization.h */ = {isa = PBXFileReference; fileEncoding = 4; lastKnownFileType = sourcecode.c.h; path = AFURLResponseSerialization.h; sourceTree = "<group>"; };
		544A92E01D0C30C000B96A0C /* AFURLResponseSerialization.m */ = {isa = PBXFileReference; fileEncoding = 4; lastKnownFileType = sourcecode.c.objc; path = AFURLResponseSerialization.m; sourceTree = "<group>"; };
		544A92E11D0C30C000B96A0C /* AFURLSessionManager.h */ = {isa = PBXFileReference; fileEncoding = 4; lastKnownFileType = sourcecode.c.h; path = AFURLSessionManager.h; sourceTree = "<group>"; };
		544A92E21D0C30C000B96A0C /* AFURLSessionManager.m */ = {isa = PBXFileReference; fileEncoding = 4; lastKnownFileType = sourcecode.c.objc; path = AFURLSessionManager.m; sourceTree = "<group>"; };
		544A92E41D0C30C000B96A0C /* MJExtension.h */ = {isa = PBXFileReference; fileEncoding = 4; lastKnownFileType = sourcecode.c.h; path = MJExtension.h; sourceTree = "<group>"; };
		544A92E51D0C30C000B96A0C /* MJExtensionConst.h */ = {isa = PBXFileReference; fileEncoding = 4; lastKnownFileType = sourcecode.c.h; path = MJExtensionConst.h; sourceTree = "<group>"; };
		544A92E61D0C30C000B96A0C /* MJExtensionConst.m */ = {isa = PBXFileReference; fileEncoding = 4; lastKnownFileType = sourcecode.c.objc; path = MJExtensionConst.m; sourceTree = "<group>"; };
		544A92E71D0C30C000B96A0C /* MJFoundation.h */ = {isa = PBXFileReference; fileEncoding = 4; lastKnownFileType = sourcecode.c.h; path = MJFoundation.h; sourceTree = "<group>"; };
		544A92E81D0C30C000B96A0C /* MJFoundation.m */ = {isa = PBXFileReference; fileEncoding = 4; lastKnownFileType = sourcecode.c.objc; path = MJFoundation.m; sourceTree = "<group>"; };
		544A92E91D0C30C000B96A0C /* MJProperty.h */ = {isa = PBXFileReference; fileEncoding = 4; lastKnownFileType = sourcecode.c.h; path = MJProperty.h; sourceTree = "<group>"; };
		544A92EA1D0C30C000B96A0C /* MJProperty.m */ = {isa = PBXFileReference; fileEncoding = 4; lastKnownFileType = sourcecode.c.objc; path = MJProperty.m; sourceTree = "<group>"; };
		544A92EB1D0C30C000B96A0C /* MJPropertyKey.h */ = {isa = PBXFileReference; fileEncoding = 4; lastKnownFileType = sourcecode.c.h; path = MJPropertyKey.h; sourceTree = "<group>"; };
		544A92EC1D0C30C000B96A0C /* MJPropertyKey.m */ = {isa = PBXFileReference; fileEncoding = 4; lastKnownFileType = sourcecode.c.objc; path = MJPropertyKey.m; sourceTree = "<group>"; };
		544A92ED1D0C30C000B96A0C /* MJPropertyType.h */ = {isa = PBXFileReference; fileEncoding = 4; lastKnownFileType = sourcecode.c.h; path = MJPropertyType.h; sourceTree = "<group>"; };
		544A92EE1D0C30C000B96A0C /* MJPropertyType.m */ = {isa = PBXFileReference; fileEncoding = 4; lastKnownFileType = sourcecode.c.objc; path = MJPropertyType.m; sourceTree = "<group>"; };
		544A92EF1D0C30C000B96A0C /* NSObject+MJClass.h */ = {isa = PBXFileReference; fileEncoding = 4; lastKnownFileType = sourcecode.c.h; path = "NSObject+MJClass.h"; sourceTree = "<group>"; };
		544A92F01D0C30C000B96A0C /* NSObject+MJClass.m */ = {isa = PBXFileReference; fileEncoding = 4; lastKnownFileType = sourcecode.c.objc; path = "NSObject+MJClass.m"; sourceTree = "<group>"; };
		544A92F11D0C30C000B96A0C /* NSObject+MJCoding.h */ = {isa = PBXFileReference; fileEncoding = 4; lastKnownFileType = sourcecode.c.h; path = "NSObject+MJCoding.h"; sourceTree = "<group>"; };
		544A92F21D0C30C000B96A0C /* NSObject+MJCoding.m */ = {isa = PBXFileReference; fileEncoding = 4; lastKnownFileType = sourcecode.c.objc; path = "NSObject+MJCoding.m"; sourceTree = "<group>"; };
		544A92F31D0C30C000B96A0C /* NSObject+MJKeyValue.h */ = {isa = PBXFileReference; fileEncoding = 4; lastKnownFileType = sourcecode.c.h; path = "NSObject+MJKeyValue.h"; sourceTree = "<group>"; };
		544A92F41D0C30C000B96A0C /* NSObject+MJKeyValue.m */ = {isa = PBXFileReference; fileEncoding = 4; lastKnownFileType = sourcecode.c.objc; path = "NSObject+MJKeyValue.m"; sourceTree = "<group>"; };
		544A92F51D0C30C000B96A0C /* NSObject+MJProperty.h */ = {isa = PBXFileReference; fileEncoding = 4; lastKnownFileType = sourcecode.c.h; path = "NSObject+MJProperty.h"; sourceTree = "<group>"; };
		544A92F61D0C30C000B96A0C /* NSObject+MJProperty.m */ = {isa = PBXFileReference; fileEncoding = 4; lastKnownFileType = sourcecode.c.objc; path = "NSObject+MJProperty.m"; sourceTree = "<group>"; };
		544A92F71D0C30C000B96A0C /* NSString+MJExtension.h */ = {isa = PBXFileReference; fileEncoding = 4; lastKnownFileType = sourcecode.c.h; path = "NSString+MJExtension.h"; sourceTree = "<group>"; };
		544A92F81D0C30C000B96A0C /* NSString+MJExtension.m */ = {isa = PBXFileReference; fileEncoding = 4; lastKnownFileType = sourcecode.c.objc; path = "NSString+MJExtension.m"; sourceTree = "<group>"; };
		544A92FA1D0C30C000B96A0C /* Reachability.h */ = {isa = PBXFileReference; fileEncoding = 4; lastKnownFileType = sourcecode.c.h; path = Reachability.h; sourceTree = "<group>"; };
		544A92FB1D0C30C000B96A0C /* Reachability.m */ = {isa = PBXFileReference; fileEncoding = 4; lastKnownFileType = sourcecode.c.objc; path = Reachability.m; sourceTree = "<group>"; };
		54AA55111D0C42F400A8E867 /* UIApplication+LATNetCategory.h */ = {isa = PBXFileReference; fileEncoding = 4; lastKnownFileType = sourcecode.c.h; path = "UIApplication+LATNetCategory.h"; sourceTree = "<group>"; };
		54AA55121D0C42F400A8E867 /* UIApplication+LATNetCategory.m */ = {isa = PBXFileReference; fileEncoding = 4; lastKnownFileType = sourcecode.c.objc; path = "UIApplication+LATNetCategory.m"; sourceTree = "<group>"; };
		54AA55671D0C674900A8E867 /* DaXiangDetailRequestBLL.h */ = {isa = PBXFileReference; fileEncoding = 4; lastKnownFileType = sourcecode.c.h; path = DaXiangDetailRequestBLL.h; sourceTree = "<group>"; };
		54AA55681D0C674900A8E867 /* DaXiangDetailRequestBLL.m */ = {isa = PBXFileReference; fileEncoding = 4; lastKnownFileType = sourcecode.c.objc; path = DaXiangDetailRequestBLL.m; sourceTree = "<group>"; };
		54AA55691D0C674900A8E867 /* DaXiangDetailRequestEnitity.h */ = {isa = PBXFileReference; fileEncoding = 4; lastKnownFileType = sourcecode.c.h; path = DaXiangDetailRequestEnitity.h; sourceTree = "<group>"; };
		54AA556A1D0C674900A8E867 /* DaXiangDetailRequestEnitity.m */ = {isa = PBXFileReference; fileEncoding = 4; lastKnownFileType = sourcecode.c.objc; path = DaXiangDetailRequestEnitity.m; sourceTree = "<group>"; };
		54AA556B1D0C674900A8E867 /* DaXiangDetailResponseArticleModel.h */ = {isa = PBXFileReference; fileEncoding = 4; lastKnownFileType = sourcecode.c.h; path = DaXiangDetailResponseArticleModel.h; sourceTree = "<group>"; };
		54AA556C1D0C674900A8E867 /* DaXiangDetailResponseArticleModel.m */ = {isa = PBXFileReference; fileEncoding = 4; lastKnownFileType = sourcecode.c.objc; path = DaXiangDetailResponseArticleModel.m; sourceTree = "<group>"; };
		54AA556D1D0C674900A8E867 /* DaXiangDetailResponseBodyModel.h */ = {isa = PBXFileReference; fileEncoding = 4; lastKnownFileType = sourcecode.c.h; path = DaXiangDetailResponseBodyModel.h; sourceTree = "<group>"; };
		54AA556E1D0C674900A8E867 /* DaXiangDetailResponseBodyModel.m */ = {isa = PBXFileReference; fileEncoding = 4; lastKnownFileType = sourcecode.c.objc; path = DaXiangDetailResponseBodyModel.m; sourceTree = "<group>"; };
		54AA556F1D0C674900A8E867 /* DaXiangDetailResponseEnitity.h */ = {isa = PBXFileReference; fileEncoding = 4; lastKnownFileType = sourcecode.c.h; path = DaXiangDetailResponseEnitity.h; sourceTree = "<group>"; };
		54AA55701D0C674900A8E867 /* DaXiangDetailResponseEnitity.m */ = {isa = PBXFileReference; fileEncoding = 4; lastKnownFileType = sourcecode.c.objc; path = DaXiangDetailResponseEnitity.m; sourceTree = "<group>"; };
		54AA55711D0C674900A8E867 /* DaXiangDetailResponseHeadModel.h */ = {isa = PBXFileReference; fileEncoding = 4; lastKnownFileType = sourcecode.c.h; path = DaXiangDetailResponseHeadModel.h; sourceTree = "<group>"; };
		54AA55721D0C674900A8E867 /* DaXiangDetailResponseHeadModel.m */ = {isa = PBXFileReference; fileEncoding = 4; lastKnownFileType = sourcecode.c.objc; path = DaXiangDetailResponseHeadModel.m; sourceTree = "<group>"; };
		54AA55791D0C6A0F00A8E867 /* PrefixHeader.pch */ = {isa = PBXFileReference; lastKnownFileType = sourcecode.c.h; path = PrefixHeader.pch; sourceTree = "<group>"; };
		54C1E3591D0CF455006F0B59 /* NSObject+LATNetRequestEnitityCatagory.h */ = {isa = PBXFileReference; fileEncoding = 4; lastKnownFileType = sourcecode.c.h; path = "NSObject+LATNetRequestEnitityCatagory.h"; sourceTree = "<group>"; };
		54C1E35A1D0CF455006F0B59 /* NSObject+LATNetRequestEnitityCatagory.m */ = {isa = PBXFileReference; fileEncoding = 4; lastKnownFileType = sourcecode.c.objc; path = "NSObject+LATNetRequestEnitityCatagory.m"; sourceTree = "<group>"; };
/* End PBXFileReference section */

/* Begin PBXFrameworksBuildPhase section */
		544A927E1D0C307A00B96A0C /* Frameworks */ = {
			isa = PBXFrameworksBuildPhase;
			buildActionMask = 2147483647;
			files = (
			);
			runOnlyForDeploymentPostprocessing = 0;
		};
		544A92971D0C307A00B96A0C /* Frameworks */ = {
			isa = PBXFrameworksBuildPhase;
			buildActionMask = 2147483647;
			files = (
			);
			runOnlyForDeploymentPostprocessing = 0;
		};
		544A92A21D0C307A00B96A0C /* Frameworks */ = {
			isa = PBXFrameworksBuildPhase;
			buildActionMask = 2147483647;
			files = (
			);
			runOnlyForDeploymentPostprocessing = 0;
		};
/* End PBXFrameworksBuildPhase section */

/* Begin PBXGroup section */
		544A92781D0C307A00B96A0C = {
			isa = PBXGroup;
			children = (
				544A92B71D0C30C000B96A0C /* LATNetworking */,
				544A92831D0C307A00B96A0C /* LATNetWorkingDemo */,
				544A929D1D0C307A00B96A0C /* LATNetWorkingDemoTests */,
				544A92A81D0C307A00B96A0C /* LATNetWorkingDemoUITests */,
				544A92821D0C307A00B96A0C /* Products */,
			);
			sourceTree = "<group>";
		};
		544A92821D0C307A00B96A0C /* Products */ = {
			isa = PBXGroup;
			children = (
				544A92811D0C307A00B96A0C /* LATNetWorkingDemo.app */,
				544A929A1D0C307A00B96A0C /* LATNetWorkingDemoTests.xctest */,
				544A92A51D0C307A00B96A0C /* LATNetWorkingDemoUITests.xctest */,
			);
			name = Products;
			sourceTree = "<group>";
		};
		544A92831D0C307A00B96A0C /* LATNetWorkingDemo */ = {
			isa = PBXGroup;
			children = (
				54AA55661D0C674900A8E867 /* DaXiangDetailRequest */,
				544A92871D0C307A00B96A0C /* AppDelegate.h */,
				544A92881D0C307A00B96A0C /* AppDelegate.m */,
				544A928A1D0C307A00B96A0C /* ViewController.h */,
				544A928B1D0C307A00B96A0C /* ViewController.m */,
				54AA55791D0C6A0F00A8E867 /* PrefixHeader.pch */,
				544A928D1D0C307A00B96A0C /* Main.storyboard */,
				544A92901D0C307A00B96A0C /* Assets.xcassets */,
				544A92921D0C307A00B96A0C /* LaunchScreen.storyboard */,
				544A92951D0C307A00B96A0C /* Info.plist */,
				544A92841D0C307A00B96A0C /* Supporting Files */,
			);
			path = LATNetWorkingDemo;
			sourceTree = "<group>";
		};
		544A92841D0C307A00B96A0C /* Supporting Files */ = {
			isa = PBXGroup;
			children = (
				544A92851D0C307A00B96A0C /* main.m */,
			);
			name = "Supporting Files";
			sourceTree = "<group>";
		};
		544A929D1D0C307A00B96A0C /* LATNetWorkingDemoTests */ = {
			isa = PBXGroup;
			children = (
				544A929E1D0C307A00B96A0C /* LATNetWorkingDemoTests.m */,
				544A92A01D0C307A00B96A0C /* Info.plist */,
			);
			path = LATNetWorkingDemoTests;
			sourceTree = "<group>";
		};
		544A92A81D0C307A00B96A0C /* LATNetWorkingDemoUITests */ = {
			isa = PBXGroup;
			children = (
				544A92A91D0C307A00B96A0C /* LATNetWorkingDemoUITests.m */,
				544A92AB1D0C307A00B96A0C /* Info.plist */,
			);
			path = LATNetWorkingDemoUITests;
			sourceTree = "<group>";
		};
		544A92B71D0C30C000B96A0C /* LATNetworking */ = {
			isa = PBXGroup;
			children = (
				544A92B81D0C30C000B96A0C /* LATNetWorking.h */,
				544A92B91D0C30C000B96A0C /* LATFileManager */,
				544A92BC1D0C30C000B96A0C /* LATNet */,
				544A92D41D0C30C000B96A0C /* LATNetThird */,
			);
			path = LATNetworking;
			sourceTree = "<group>";
		};
		544A92B91D0C30C000B96A0C /* LATFileManager */ = {
			isa = PBXGroup;
			children = (
				544A92BA1D0C30C000B96A0C /* LATFileManager.h */,
				544A92BB1D0C30C000B96A0C /* LATFileManager.m */,
			);
			path = LATFileManager;
			sourceTree = "<group>";
		};
		544A92BC1D0C30C000B96A0C /* LATNet */ = {
			isa = PBXGroup;
			children = (
				544A92BD1D0C30C000B96A0C /* LATNetAction */,
				544A92C61D0C30C000B96A0C /* LATNetCategory */,
				544A92CD1D0C30C000B96A0C /* LATNetObject */,
			);
			path = LATNet;
			sourceTree = "<group>";
		};
		544A92BD1D0C30C000B96A0C /* LATNetAction */ = {
			isa = PBXGroup;
			children = (
				544A92BE1D0C30C000B96A0C /* LATNetAFNRequestManager.h */,
				544A92BF1D0C30C000B96A0C /* LATNetAFNRequestManager.m */,
				544A92C01D0C30C000B96A0C /* LATNetReachability.h */,
				544A92C11D0C30C000B96A0C /* LATNetReachability.m */,
				544A92C21D0C30C000B96A0C /* LATNetRequestAction.h */,
				544A92C31D0C30C000B96A0C /* LATNetRequestAction.m */,
				544A92C41D0C30C000B96A0C /* LATNetResponseCache.h */,
				544A92C51D0C30C000B96A0C /* LATNetResponseCache.m */,
			);
			path = LATNetAction;
			sourceTree = "<group>";
		};
		544A92C61D0C30C000B96A0C /* LATNetCategory */ = {
			isa = PBXGroup;
			children = (
				544A92C71D0C30C000B96A0C /* NSObject+LATNetMJExtensionCategory.h */,
				544A92C81D0C30C000B96A0C /* NSObject+LATNetMJExtensionCategory.m */,
				544A92CB1D0C30C000B96A0C /* NSObject+LATStringPropertyCategory.h */,
				544A92CC1D0C30C000B96A0C /* NSObject+LATStringPropertyCategory.m */,
				54AA55111D0C42F400A8E867 /* UIApplication+LATNetCategory.h */,
				54AA55121D0C42F400A8E867 /* UIApplication+LATNetCategory.m */,
				54C1E3591D0CF455006F0B59 /* NSObject+LATNetRequestEnitityCatagory.h */,
				54C1E35A1D0CF455006F0B59 /* NSObject+LATNetRequestEnitityCatagory.m */,
			);
			path = LATNetCategory;
			sourceTree = "<group>";
		};
		544A92CD1D0C30C000B96A0C /* LATNetObject */ = {
			isa = PBXGroup;
			children = (
				544A92CE1D0C30C000B96A0C /* LATNetError.h */,
				544A92CF1D0C30C000B96A0C /* LATNetError.m */,
				544A92D21D0C30C000B96A0C /* LATNetUploadFileData.h */,
				544A92D31D0C30C000B96A0C /* LATNetUploadFileData.m */,
			);
			path = LATNetObject;
			sourceTree = "<group>";
		};
		544A92D41D0C30C000B96A0C /* LATNetThird */ = {
			isa = PBXGroup;
			children = (
				544A92D51D0C30C000B96A0C /* AFNetworking */,
				544A92E31D0C30C000B96A0C /* MJExtension */,
				544A92F91D0C30C000B96A0C /* Reachability */,
			);
			path = LATNetThird;
			sourceTree = "<group>";
		};
		544A92D51D0C30C000B96A0C /* AFNetworking */ = {
			isa = PBXGroup;
			children = (
				544A92D61D0C30C000B96A0C /* AFHTTPSessionManager.h */,
				544A92D71D0C30C000B96A0C /* AFHTTPSessionManager.m */,
				544A92D81D0C30C000B96A0C /* AFNetworking.h */,
				544A92D91D0C30C000B96A0C /* AFNetworkReachabilityManager.h */,
				544A92DA1D0C30C000B96A0C /* AFNetworkReachabilityManager.m */,
				544A92DB1D0C30C000B96A0C /* AFSecurityPolicy.h */,
				544A92DC1D0C30C000B96A0C /* AFSecurityPolicy.m */,
				544A92DD1D0C30C000B96A0C /* AFURLRequestSerialization.h */,
				544A92DE1D0C30C000B96A0C /* AFURLRequestSerialization.m */,
				544A92DF1D0C30C000B96A0C /* AFURLResponseSerialization.h */,
				544A92E01D0C30C000B96A0C /* AFURLResponseSerialization.m */,
				544A92E11D0C30C000B96A0C /* AFURLSessionManager.h */,
				544A92E21D0C30C000B96A0C /* AFURLSessionManager.m */,
			);
			path = AFNetworking;
			sourceTree = "<group>";
		};
		544A92E31D0C30C000B96A0C /* MJExtension */ = {
			isa = PBXGroup;
			children = (
				544A92E41D0C30C000B96A0C /* MJExtension.h */,
				544A92E51D0C30C000B96A0C /* MJExtensionConst.h */,
				544A92E61D0C30C000B96A0C /* MJExtensionConst.m */,
				544A92E71D0C30C000B96A0C /* MJFoundation.h */,
				544A92E81D0C30C000B96A0C /* MJFoundation.m */,
				544A92E91D0C30C000B96A0C /* MJProperty.h */,
				544A92EA1D0C30C000B96A0C /* MJProperty.m */,
				544A92EB1D0C30C000B96A0C /* MJPropertyKey.h */,
				544A92EC1D0C30C000B96A0C /* MJPropertyKey.m */,
				544A92ED1D0C30C000B96A0C /* MJPropertyType.h */,
				544A92EE1D0C30C000B96A0C /* MJPropertyType.m */,
				544A92EF1D0C30C000B96A0C /* NSObject+MJClass.h */,
				544A92F01D0C30C000B96A0C /* NSObject+MJClass.m */,
				544A92F11D0C30C000B96A0C /* NSObject+MJCoding.h */,
				544A92F21D0C30C000B96A0C /* NSObject+MJCoding.m */,
				544A92F31D0C30C000B96A0C /* NSObject+MJKeyValue.h */,
				544A92F41D0C30C000B96A0C /* NSObject+MJKeyValue.m */,
				544A92F51D0C30C000B96A0C /* NSObject+MJProperty.h */,
				544A92F61D0C30C000B96A0C /* NSObject+MJProperty.m */,
				544A92F71D0C30C000B96A0C /* NSString+MJExtension.h */,
				544A92F81D0C30C000B96A0C /* NSString+MJExtension.m */,
			);
			path = MJExtension;
			sourceTree = "<group>";
		};
		544A92F91D0C30C000B96A0C /* Reachability */ = {
			isa = PBXGroup;
			children = (
				544A92FA1D0C30C000B96A0C /* Reachability.h */,
				544A92FB1D0C30C000B96A0C /* Reachability.m */,
			);
			path = Reachability;
			sourceTree = "<group>";
		};
		54AA55661D0C674900A8E867 /* DaXiangDetailRequest */ = {
			isa = PBXGroup;
			children = (
				54AA55671D0C674900A8E867 /* DaXiangDetailRequestBLL.h */,
				54AA55681D0C674900A8E867 /* DaXiangDetailRequestBLL.m */,
				54AA55691D0C674900A8E867 /* DaXiangDetailRequestEnitity.h */,
				54AA556A1D0C674900A8E867 /* DaXiangDetailRequestEnitity.m */,
				54AA556B1D0C674900A8E867 /* DaXiangDetailResponseArticleModel.h */,
				54AA556C1D0C674900A8E867 /* DaXiangDetailResponseArticleModel.m */,
				54AA556D1D0C674900A8E867 /* DaXiangDetailResponseBodyModel.h */,
				54AA556E1D0C674900A8E867 /* DaXiangDetailResponseBodyModel.m */,
				54AA556F1D0C674900A8E867 /* DaXiangDetailResponseEnitity.h */,
				54AA55701D0C674900A8E867 /* DaXiangDetailResponseEnitity.m */,
				54AA55711D0C674900A8E867 /* DaXiangDetailResponseHeadModel.h */,
				54AA55721D0C674900A8E867 /* DaXiangDetailResponseHeadModel.m */,
			);
			path = DaXiangDetailRequest;
			sourceTree = "<group>";
		};
/* End PBXGroup section */

/* Begin PBXNativeTarget section */
		544A92801D0C307A00B96A0C /* LATNetWorkingDemo */ = {
			isa = PBXNativeTarget;
			buildConfigurationList = 544A92AE1D0C307A00B96A0C /* Build configuration list for PBXNativeTarget "LATNetWorkingDemo" */;
			buildPhases = (
				544A927D1D0C307A00B96A0C /* Sources */,
				544A927E1D0C307A00B96A0C /* Frameworks */,
				544A927F1D0C307A00B96A0C /* Resources */,
			);
			buildRules = (
			);
			dependencies = (
			);
			name = LATNetWorkingDemo;
			productName = LATNetWorkingDemo;
			productReference = 544A92811D0C307A00B96A0C /* LATNetWorkingDemo.app */;
			productType = "com.apple.product-type.application";
		};
		544A92991D0C307A00B96A0C /* LATNetWorkingDemoTests */ = {
			isa = PBXNativeTarget;
			buildConfigurationList = 544A92B11D0C307A00B96A0C /* Build configuration list for PBXNativeTarget "LATNetWorkingDemoTests" */;
			buildPhases = (
				544A92961D0C307A00B96A0C /* Sources */,
				544A92971D0C307A00B96A0C /* Frameworks */,
				544A92981D0C307A00B96A0C /* Resources */,
			);
			buildRules = (
			);
			dependencies = (
				544A929C1D0C307A00B96A0C /* PBXTargetDependency */,
			);
			name = LATNetWorkingDemoTests;
			productName = LATNetWorkingDemoTests;
			productReference = 544A929A1D0C307A00B96A0C /* LATNetWorkingDemoTests.xctest */;
			productType = "com.apple.product-type.bundle.unit-test";
		};
		544A92A41D0C307A00B96A0C /* LATNetWorkingDemoUITests */ = {
			isa = PBXNativeTarget;
			buildConfigurationList = 544A92B41D0C307A00B96A0C /* Build configuration list for PBXNativeTarget "LATNetWorkingDemoUITests" */;
			buildPhases = (
				544A92A11D0C307A00B96A0C /* Sources */,
				544A92A21D0C307A00B96A0C /* Frameworks */,
				544A92A31D0C307A00B96A0C /* Resources */,
			);
			buildRules = (
			);
			dependencies = (
				544A92A71D0C307A00B96A0C /* PBXTargetDependency */,
			);
			name = LATNetWorkingDemoUITests;
			productName = LATNetWorkingDemoUITests;
			productReference = 544A92A51D0C307A00B96A0C /* LATNetWorkingDemoUITests.xctest */;
			productType = "com.apple.product-type.bundle.ui-testing";
		};
/* End PBXNativeTarget section */

/* Begin PBXProject section */
		544A92791D0C307A00B96A0C /* Project object */ = {
			isa = PBXProject;
			attributes = {
				LastUpgradeCheck = 0730;
				ORGANIZATIONNAME = Later;
				TargetAttributes = {
					544A92801D0C307A00B96A0C = {
						CreatedOnToolsVersion = 7.3.1;
					};
					544A92991D0C307A00B96A0C = {
						CreatedOnToolsVersion = 7.3.1;
						TestTargetID = 544A92801D0C307A00B96A0C;
					};
					544A92A41D0C307A00B96A0C = {
						CreatedOnToolsVersion = 7.3.1;
						TestTargetID = 544A92801D0C307A00B96A0C;
					};
				};
			};
			buildConfigurationList = 544A927C1D0C307A00B96A0C /* Build configuration list for PBXProject "LATNetWorkingDemo" */;
			compatibilityVersion = "Xcode 3.2";
			developmentRegion = English;
			hasScannedForEncodings = 0;
			knownRegions = (
				en,
				Base,
			);
			mainGroup = 544A92781D0C307A00B96A0C;
			productRefGroup = 544A92821D0C307A00B96A0C /* Products */;
			projectDirPath = "";
			projectRoot = "";
			targets = (
				544A92801D0C307A00B96A0C /* LATNetWorkingDemo */,
				544A92991D0C307A00B96A0C /* LATNetWorkingDemoTests */,
				544A92A41D0C307A00B96A0C /* LATNetWorkingDemoUITests */,
			);
		};
/* End PBXProject section */

/* Begin PBXResourcesBuildPhase section */
		544A927F1D0C307A00B96A0C /* Resources */ = {
			isa = PBXResourcesBuildPhase;
			buildActionMask = 2147483647;
			files = (
				544A92941D0C307A00B96A0C /* LaunchScreen.storyboard in Resources */,
				544A92911D0C307A00B96A0C /* Assets.xcassets in Resources */,
				544A928F1D0C307A00B96A0C /* Main.storyboard in Resources */,
			);
			runOnlyForDeploymentPostprocessing = 0;
		};
		544A92981D0C307A00B96A0C /* Resources */ = {
			isa = PBXResourcesBuildPhase;
			buildActionMask = 2147483647;
			files = (
			);
			runOnlyForDeploymentPostprocessing = 0;
		};
		544A92A31D0C307A00B96A0C /* Resources */ = {
			isa = PBXResourcesBuildPhase;
			buildActionMask = 2147483647;
			files = (
			);
			runOnlyForDeploymentPostprocessing = 0;
		};
/* End PBXResourcesBuildPhase section */

/* Begin PBXSourcesBuildPhase section */
		544A927D1D0C307A00B96A0C /* Sources */ = {
			isa = PBXSourcesBuildPhase;
			buildActionMask = 2147483647;
			files = (
				54AA55761D0C674900A8E867 /* DaXiangDetailResponseBodyModel.m in Sources */,
				544A93011D0C30C000B96A0C /* NSObject+LATNetMJExtensionCategory.m in Sources */,
				544A93121D0C30C000B96A0C /* NSObject+MJClass.m in Sources */,
				544A930E1D0C30C000B96A0C /* MJFoundation.m in Sources */,
				544A928C1D0C307A00B96A0C /* ViewController.m in Sources */,
				544A92FE1D0C30C000B96A0C /* LATNetReachability.m in Sources */,
				544A93111D0C30C000B96A0C /* MJPropertyType.m in Sources */,
				544A93031D0C30C000B96A0C /* NSObject+LATStringPropertyCategory.m in Sources */,
				54AA55751D0C674900A8E867 /* DaXiangDetailResponseArticleModel.m in Sources */,
				544A93161D0C30C000B96A0C /* NSString+MJExtension.m in Sources */,
				544A930C1D0C30C000B96A0C /* AFURLSessionManager.m in Sources */,
				544A93101D0C30C000B96A0C /* MJPropertyKey.m in Sources */,
				544A93171D0C30C000B96A0C /* Reachability.m in Sources */,
				544A92FF1D0C30C000B96A0C /* LATNetRequestAction.m in Sources */,
				54AA55731D0C674900A8E867 /* DaXiangDetailRequestBLL.m in Sources */,
				544A93081D0C30C000B96A0C /* AFNetworkReachabilityManager.m in Sources */,
				544A92891D0C307A00B96A0C /* AppDelegate.m in Sources */,
				544A93061D0C30C000B96A0C /* LATNetUploadFileData.m in Sources */,
				544A930B1D0C30C000B96A0C /* AFURLResponseSerialization.m in Sources */,
				544A930A1D0C30C000B96A0C /* AFURLRequestSerialization.m in Sources */,
				54AA55781D0C674900A8E867 /* DaXiangDetailResponseHeadModel.m in Sources */,
				544A93151D0C30C000B96A0C /* NSObject+MJProperty.m in Sources */,
				544A93091D0C30C000B96A0C /* AFSecurityPolicy.m in Sources */,
				54AA55741D0C674900A8E867 /* DaXiangDetailRequestEnitity.m in Sources */,
				544A92FC1D0C30C000B96A0C /* LATFileManager.m in Sources */,
				544A92FD1D0C30C000B96A0C /* LATNetAFNRequestManager.m in Sources */,
				544A930F1D0C30C000B96A0C /* MJProperty.m in Sources */,
				544A930D1D0C30C000B96A0C /* MJExtensionConst.m in Sources */,
				544A93041D0C30C000B96A0C /* LATNetError.m in Sources */,
				544A93131D0C30C000B96A0C /* NSObject+MJCoding.m in Sources */,
				544A93141D0C30C000B96A0C /* NSObject+MJKeyValue.m in Sources */,
				54AA55771D0C674900A8E867 /* DaXiangDetailResponseEnitity.m in Sources */,
				544A93071D0C30C000B96A0C /* AFHTTPSessionManager.m in Sources */,
				544A93001D0C30C000B96A0C /* LATNetResponseCache.m in Sources */,
				54C1E35B1D0CF455006F0B59 /* NSObject+LATNetRequestEnitityCatagory.m in Sources */,
				544A92861D0C307A00B96A0C /* main.m in Sources */,
				54AA55131D0C42F400A8E867 /* UIApplication+LATNetCategory.m in Sources */,
			);
			runOnlyForDeploymentPostprocessing = 0;
		};
		544A92961D0C307A00B96A0C /* Sources */ = {
			isa = PBXSourcesBuildPhase;
			buildActionMask = 2147483647;
			files = (
				544A929F1D0C307A00B96A0C /* LATNetWorkingDemoTests.m in Sources */,
			);
			runOnlyForDeploymentPostprocessing = 0;
		};
		544A92A11D0C307A00B96A0C /* Sources */ = {
			isa = PBXSourcesBuildPhase;
			buildActionMask = 2147483647;
			files = (
				544A92AA1D0C307A00B96A0C /* LATNetWorkingDemoUITests.m in Sources */,
			);
			runOnlyForDeploymentPostprocessing = 0;
		};
/* End PBXSourcesBuildPhase section */

/* Begin PBXTargetDependency section */
		544A929C1D0C307A00B96A0C /* PBXTargetDependency */ = {
			isa = PBXTargetDependency;
			target = 544A92801D0C307A00B96A0C /* LATNetWorkingDemo */;
			targetProxy = 544A929B1D0C307A00B96A0C /* PBXContainerItemProxy */;
		};
		544A92A71D0C307A00B96A0C /* PBXTargetDependency */ = {
			isa = PBXTargetDependency;
			target = 544A92801D0C307A00B96A0C /* LATNetWorkingDemo */;
			targetProxy = 544A92A61D0C307A00B96A0C /* PBXContainerItemProxy */;
		};
/* End PBXTargetDependency section */

/* Begin PBXVariantGroup section */
		544A928D1D0C307A00B96A0C /* Main.storyboard */ = {
			isa = PBXVariantGroup;
			children = (
				544A928E1D0C307A00B96A0C /* Base */,
			);
			name = Main.storyboard;
			sourceTree = "<group>";
		};
		544A92921D0C307A00B96A0C /* LaunchScreen.storyboard */ = {
			isa = PBXVariantGroup;
			children = (
				544A92931D0C307A00B96A0C /* Base */,
			);
			name = LaunchScreen.storyboard;
			sourceTree = "<group>";
		};
/* End PBXVariantGroup section */

/* Begin XCBuildConfiguration section */
		544A92AC1D0C307A00B96A0C /* Debug */ = {
			isa = XCBuildConfiguration;
			buildSettings = {
				ALWAYS_SEARCH_USER_PATHS = NO;
				CLANG_ANALYZER_NONNULL = YES;
				CLANG_CXX_LANGUAGE_STANDARD = "gnu++0x";
				CLANG_CXX_LIBRARY = "libc++";
				CLANG_ENABLE_MODULES = YES;
				CLANG_ENABLE_OBJC_ARC = YES;
				CLANG_WARN_BOOL_CONVERSION = YES;
				CLANG_WARN_CONSTANT_CONVERSION = YES;
				CLANG_WARN_DIRECT_OBJC_ISA_USAGE = YES_ERROR;
				CLANG_WARN_EMPTY_BODY = YES;
				CLANG_WARN_ENUM_CONVERSION = YES;
				CLANG_WARN_INT_CONVERSION = YES;
				CLANG_WARN_OBJC_ROOT_CLASS = YES_ERROR;
				CLANG_WARN_UNREACHABLE_CODE = YES;
				CLANG_WARN__DUPLICATE_METHOD_MATCH = YES;
				"CODE_SIGN_IDENTITY[sdk=iphoneos*]" = "iPhone Developer";
				COPY_PHASE_STRIP = NO;
				DEBUG_INFORMATION_FORMAT = dwarf;
				ENABLE_STRICT_OBJC_MSGSEND = YES;
				ENABLE_TESTABILITY = YES;
				GCC_C_LANGUAGE_STANDARD = gnu99;
				GCC_DYNAMIC_NO_PIC = NO;
				GCC_NO_COMMON_BLOCKS = YES;
				GCC_OPTIMIZATION_LEVEL = 0;
				GCC_PREPROCESSOR_DEFINITIONS = (
					"DEBUG=1",
					"$(inherited)",
				);
				GCC_WARN_64_TO_32_BIT_CONVERSION = YES;
				GCC_WARN_ABOUT_RETURN_TYPE = YES_ERROR;
				GCC_WARN_UNDECLARED_SELECTOR = YES;
				GCC_WARN_UNINITIALIZED_AUTOS = YES_AGGRESSIVE;
				GCC_WARN_UNUSED_FUNCTION = YES;
				GCC_WARN_UNUSED_VARIABLE = YES;
				IPHONEOS_DEPLOYMENT_TARGET = 9.3;
				MTL_ENABLE_DEBUG_INFO = YES;
				ONLY_ACTIVE_ARCH = YES;
				SDKROOT = iphoneos;
				TARGETED_DEVICE_FAMILY = "1,2";
			};
			name = Debug;
		};
		544A92AD1D0C307A00B96A0C /* Release */ = {
			isa = XCBuildConfiguration;
			buildSettings = {
				ALWAYS_SEARCH_USER_PATHS = NO;
				CLANG_ANALYZER_NONNULL = YES;
				CLANG_CXX_LANGUAGE_STANDARD = "gnu++0x";
				CLANG_CXX_LIBRARY = "libc++";
				CLANG_ENABLE_MODULES = YES;
				CLANG_ENABLE_OBJC_ARC = YES;
				CLANG_WARN_BOOL_CONVERSION = YES;
				CLANG_WARN_CONSTANT_CONVERSION = YES;
				CLANG_WARN_DIRECT_OBJC_ISA_USAGE = YES_ERROR;
				CLANG_WARN_EMPTY_BODY = YES;
				CLANG_WARN_ENUM_CONVERSION = YES;
				CLANG_WARN_INT_CONVERSION = YES;
				CLANG_WARN_OBJC_ROOT_CLASS = YES_ERROR;
				CLANG_WARN_UNREACHABLE_CODE = YES;
				CLANG_WARN__DUPLICATE_METHOD_MATCH = YES;
				"CODE_SIGN_IDENTITY[sdk=iphoneos*]" = "iPhone Developer";
				COPY_PHASE_STRIP = NO;
				DEBUG_INFORMATION_FORMAT = "dwarf-with-dsym";
				ENABLE_NS_ASSERTIONS = NO;
				ENABLE_STRICT_OBJC_MSGSEND = YES;
				GCC_C_LANGUAGE_STANDARD = gnu99;
				GCC_NO_COMMON_BLOCKS = YES;
				GCC_WARN_64_TO_32_BIT_CONVERSION = YES;
				GCC_WARN_ABOUT_RETURN_TYPE = YES_ERROR;
				GCC_WARN_UNDECLARED_SELECTOR = YES;
				GCC_WARN_UNINITIALIZED_AUTOS = YES_AGGRESSIVE;
				GCC_WARN_UNUSED_FUNCTION = YES;
				GCC_WARN_UNUSED_VARIABLE = YES;
				IPHONEOS_DEPLOYMENT_TARGET = 9.3;
				MTL_ENABLE_DEBUG_INFO = NO;
				SDKROOT = iphoneos;
				TARGETED_DEVICE_FAMILY = "1,2";
				VALIDATE_PRODUCT = YES;
			};
			name = Release;
		};
		544A92AF1D0C307A00B96A0C /* Debug */ = {
			isa = XCBuildConfiguration;
			buildSettings = {
				ASSETCATALOG_COMPILER_APPICON_NAME = AppIcon;
				GCC_PREFIX_HEADER = "$(SRCROOT)/LATNetWorkingDemo/PrefixHeader.pch";
				INFOPLIST_FILE = LATNetWorkingDemo/Info.plist;
				LD_RUNPATH_SEARCH_PATHS = "$(inherited) @executable_path/Frameworks";
				PRODUCT_BUNDLE_IDENTIFIER = com.luo.com.LATNetWorkingDemo;
				PRODUCT_NAME = "$(TARGET_NAME)";
			};
			name = Debug;
		};
		544A92B01D0C307A00B96A0C /* Release */ = {
			isa = XCBuildConfiguration;
			buildSettings = {
				ASSETCATALOG_COMPILER_APPICON_NAME = AppIcon;
				GCC_PREFIX_HEADER = "$(SRCROOT)/LATNetWorkingDemo/PrefixHeader.pch";
				INFOPLIST_FILE = LATNetWorkingDemo/Info.plist;
				LD_RUNPATH_SEARCH_PATHS = "$(inherited) @executable_path/Frameworks";
				PRODUCT_BUNDLE_IDENTIFIER = com.luo.com.LATNetWorkingDemo;
				PRODUCT_NAME = "$(TARGET_NAME)";
			};
			name = Release;
		};
		544A92B21D0C307A00B96A0C /* Debug */ = {
			isa = XCBuildConfiguration;
			buildSettings = {
				BUNDLE_LOADER = "$(TEST_HOST)";
				INFOPLIST_FILE = LATNetWorkingDemoTests/Info.plist;
				LD_RUNPATH_SEARCH_PATHS = "$(inherited) @executable_path/Frameworks @loader_path/Frameworks";
				PRODUCT_BUNDLE_IDENTIFIER = com.luo.com.LATNetWorkingDemoTests;
				PRODUCT_NAME = "$(TARGET_NAME)";
				TEST_HOST = "$(BUILT_PRODUCTS_DIR)/LATNetWorkingDemo.app/LATNetWorkingDemo";
			};
			name = Debug;
		};
		544A92B31D0C307A00B96A0C /* Release */ = {
			isa = XCBuildConfiguration;
			buildSettings = {
				BUNDLE_LOADER = "$(TEST_HOST)";
				INFOPLIST_FILE = LATNetWorkingDemoTests/Info.plist;
				LD_RUNPATH_SEARCH_PATHS = "$(inherited) @executable_path/Frameworks @loader_path/Frameworks";
				PRODUCT_BUNDLE_IDENTIFIER = com.luo.com.LATNetWorkingDemoTests;
				PRODUCT_NAME = "$(TARGET_NAME)";
				TEST_HOST = "$(BUILT_PRODUCTS_DIR)/LATNetWorkingDemo.app/LATNetWorkingDemo";
			};
			name = Release;
		};
		544A92B51D0C307A00B96A0C /* Debug */ = {
			isa = XCBuildConfiguration;
			buildSettings = {
				INFOPLIST_FILE = LATNetWorkingDemoUITests/Info.plist;
				LD_RUNPATH_SEARCH_PATHS = "$(inherited) @executable_path/Frameworks @loader_path/Frameworks";
				PRODUCT_BUNDLE_IDENTIFIER = com.luo.com.LATNetWorkingDemoUITests;
				PRODUCT_NAME = "$(TARGET_NAME)";
				TEST_TARGET_NAME = LATNetWorkingDemo;
			};
			name = Debug;
		};
		544A92B61D0C307A00B96A0C /* Release */ = {
			isa = XCBuildConfiguration;
			buildSettings = {
				INFOPLIST_FILE = LATNetWorkingDemoUITests/Info.plist;
				LD_RUNPATH_SEARCH_PATHS = "$(inherited) @executable_path/Frameworks @loader_path/Frameworks";
				PRODUCT_BUNDLE_IDENTIFIER = com.luo.com.LATNetWorkingDemoUITests;
				PRODUCT_NAME = "$(TARGET_NAME)";
				TEST_TARGET_NAME = LATNetWorkingDemo;
			};
			name = Release;
		};
/* End XCBuildConfiguration section */

/* Begin XCConfigurationList section */
		544A927C1D0C307A00B96A0C /* Build configuration list for PBXProject "LATNetWorkingDemo" */ = {
			isa = XCConfigurationList;
			buildConfigurations = (
				544A92AC1D0C307A00B96A0C /* Debug */,
				544A92AD1D0C307A00B96A0C /* Release */,
			);
			defaultConfigurationIsVisible = 0;
			defaultConfigurationName = Release;
		};
		544A92AE1D0C307A00B96A0C /* Build configuration list for PBXNativeTarget "LATNetWorkingDemo" */ = {
			isa = XCConfigurationList;
			buildConfigurations = (
				544A92AF1D0C307A00B96A0C /* Debug */,
				544A92B01D0C307A00B96A0C /* Release */,
			);
			defaultConfigurationIsVisible = 0;
			defaultConfigurationName = Release;
		};
		544A92B11D0C307A00B96A0C /* Build configuration list for PBXNativeTarget "LATNetWorkingDemoTests" */ = {
			isa = XCConfigurationList;
			buildConfigurations = (
				544A92B21D0C307A00B96A0C /* Debug */,
				544A92B31D0C307A00B96A0C /* Release */,
			);
			defaultConfigurationIsVisible = 0;
			defaultConfigurationName = Release;
		};
		544A92B41D0C307A00B96A0C /* Build configuration list for PBXNativeTarget "LATNetWorkingDemoUITests" */ = {
			isa = XCConfigurationList;
			buildConfigurations = (
				544A92B51D0C307A00B96A0C /* Debug */,
				544A92B61D0C307A00B96A0C /* Release */,
			);
			defaultConfigurationIsVisible = 0;
			defaultConfigurationName = Release;
		};
/* End XCConfigurationList section */
	};
	rootObject = 544A92791D0C307A00B96A0C /* Project object */;
}
